
Microsoft Visual Studio Solution File, Format Version 12.00
# Visual Studio Version 16
VisualStudioVersion = 16.0.30517.126
MinimumVisualStudioVersion = 10.0.40219.1
Project("{9A19103F-16F7-4668-BE54-9A1E7A4F7556}") = "Vecto.Api", "Vecto.Api\Vecto.Api.csproj", "{AC80D97B-9A0D-4D16-A7A3-611B9E743A87}"
EndProject
Project("{9A19103F-16F7-4668-BE54-9A1E7A4F7556}") = "Vecto.Application", "Vecto.Application\Vecto.Application.csproj", "{E1183147-B95C-4439-8BB2-5D763E1BA2CF}"
EndProject
Project("{9A19103F-16F7-4668-BE54-9A1E7A4F7556}") = "Vecto.Infrastructure", "Vecto.Infrastructure\Vecto.Infrastructure.csproj", "{032D7583-D250-4BF5-B565-0853AF2020BF}"
EndProject
Project("{9A19103F-16F7-4668-BE54-9A1E7A4F7556}") = "Vecto.Core", "Vecto.Core\Vecto.Core.csproj", "{0725C7C8-077B-461C-BE11-2E0D1FC9DC6D}"
EndProject
Project("{9A19103F-16F7-4668-BE54-9A1E7A4F7556}") = "Vecto.Tests", "Vecto.Tests\Vecto.Tests.csproj", "{50A010AA-ACB3-4E64-8A76-BB7A7D816685}"
EndProject
Project("{FAE04EC0-301F-11D3-BF4B-00C04F79EFBC}") = "Vecto.UWP", "UWP\Vecto.UWP.csproj", "{8E774757-5E75-49A5-AE6E-D60E4EF166A2}"
EndProject
Global
	GlobalSection(SolutionConfigurationPlatforms) = preSolution
		Debug|Any CPU = Debug|Any CPU
		Debug|ARM = Debug|ARM
		Debug|ARM64 = Debug|ARM64
		Debug|x64 = Debug|x64
		Debug|x86 = Debug|x86
		Release|Any CPU = Release|Any CPU
		Release|ARM = Release|ARM
		Release|ARM64 = Release|ARM64
		Release|x64 = Release|x64
		Release|x86 = Release|x86
	EndGlobalSection
	GlobalSection(ProjectConfigurationPlatforms) = postSolution
		{AC80D97B-9A0D-4D16-A7A3-611B9E743A87}.Debug|Any CPU.ActiveCfg = Debug|Any CPU
		{AC80D97B-9A0D-4D16-A7A3-611B9E743A87}.Debug|Any CPU.Build.0 = Debug|Any CPU
		{AC80D97B-9A0D-4D16-A7A3-611B9E743A87}.Debug|ARM.ActiveCfg = Debug|Any CPU
		{AC80D97B-9A0D-4D16-A7A3-611B9E743A87}.Debug|ARM.Build.0 = Debug|Any CPU
		{AC80D97B-9A0D-4D16-A7A3-611B9E743A87}.Debug|ARM64.ActiveCfg = Debug|Any CPU
		{AC80D97B-9A0D-4D16-A7A3-611B9E743A87}.Debug|ARM64.Build.0 = Debug|Any CPU
		{AC80D97B-9A0D-4D16-A7A3-611B9E743A87}.Debug|x64.ActiveCfg = Debug|Any CPU
		{AC80D97B-9A0D-4D16-A7A3-611B9E743A87}.Debug|x64.Build.0 = Debug|Any CPU
		{AC80D97B-9A0D-4D16-A7A3-611B9E743A87}.Debug|x86.ActiveCfg = Debug|Any CPU
		{AC80D97B-9A0D-4D16-A7A3-611B9E743A87}.Debug|x86.Build.0 = Debug|Any CPU
		{AC80D97B-9A0D-4D16-A7A3-611B9E743A87}.Release|Any CPU.ActiveCfg = Release|Any CPU
		{AC80D97B-9A0D-4D16-A7A3-611B9E743A87}.Release|Any CPU.Build.0 = Release|Any CPU
		{AC80D97B-9A0D-4D16-A7A3-611B9E743A87}.Release|ARM.ActiveCfg = Release|Any CPU
		{AC80D97B-9A0D-4D16-A7A3-611B9E743A87}.Release|ARM.Build.0 = Release|Any CPU
		{AC80D97B-9A0D-4D16-A7A3-611B9E743A87}.Release|ARM64.ActiveCfg = Release|Any CPU
		{AC80D97B-9A0D-4D16-A7A3-611B9E743A87}.Release|ARM64.Build.0 = Release|Any CPU
		{AC80D97B-9A0D-4D16-A7A3-611B9E743A87}.Release|x64.ActiveCfg = Release|Any CPU
		{AC80D97B-9A0D-4D16-A7A3-611B9E743A87}.Release|x64.Build.0 = Release|Any CPU
		{AC80D97B-9A0D-4D16-A7A3-611B9E743A87}.Release|x86.ActiveCfg = Release|Any CPU
		{AC80D97B-9A0D-4D16-A7A3-611B9E743A87}.Release|x86.Build.0 = Release|Any CPU
		{E1183147-B95C-4439-8BB2-5D763E1BA2CF}.Debug|Any CPU.ActiveCfg = Debug|Any CPU
		{E1183147-B95C-4439-8BB2-5D763E1BA2CF}.Debug|Any CPU.Build.0 = Debug|Any CPU
		{E1183147-B95C-4439-8BB2-5D763E1BA2CF}.Debug|ARM.ActiveCfg = Debug|Any CPU
		{E1183147-B95C-4439-8BB2-5D763E1BA2CF}.Debug|ARM.Build.0 = Debug|Any CPU
		{E1183147-B95C-4439-8BB2-5D763E1BA2CF}.Debug|ARM64.ActiveCfg = Debug|Any CPU
		{E1183147-B95C-4439-8BB2-5D763E1BA2CF}.Debug|ARM64.Build.0 = Debug|Any CPU
		{E1183147-B95C-4439-8BB2-5D763E1BA2CF}.Debug|x64.ActiveCfg = Debug|Any CPU
		{E1183147-B95C-4439-8BB2-5D763E1BA2CF}.Debug|x64.Build.0 = Debug|Any CPU
		{E1183147-B95C-4439-8BB2-5D763E1BA2CF}.Debug|x86.ActiveCfg = Debug|Any CPU
		{E1183147-B95C-4439-8BB2-5D763E1BA2CF}.Debug|x86.Build.0 = Debug|Any CPU
		{E1183147-B95C-4439-8BB2-5D763E1BA2CF}.Release|Any CPU.ActiveCfg = Release|Any CPU
		{E1183147-B95C-4439-8BB2-5D763E1BA2CF}.Release|Any CPU.Build.0 = Release|Any CPU
		{E1183147-B95C-4439-8BB2-5D763E1BA2CF}.Release|ARM.ActiveCfg = Release|Any CPU
		{E1183147-B95C-4439-8BB2-5D763E1BA2CF}.Release|ARM.Build.0 = Release|Any CPU
		{E1183147-B95C-4439-8BB2-5D763E1BA2CF}.Release|ARM64.ActiveCfg = Release|Any CPU
		{E1183147-B95C-4439-8BB2-5D763E1BA2CF}.Release|ARM64.Build.0 = Release|Any CPU
		{E1183147-B95C-4439-8BB2-5D763E1BA2CF}.Release|x64.ActiveCfg = Release|Any CPU
		{E1183147-B95C-4439-8BB2-5D763E1BA2CF}.Release|x64.Build.0 = Release|Any CPU
		{E1183147-B95C-4439-8BB2-5D763E1BA2CF}.Release|x86.ActiveCfg = Release|Any CPU
		{E1183147-B95C-4439-8BB2-5D763E1BA2CF}.Release|x86.Build.0 = Release|Any CPU
		{032D7583-D250-4BF5-B565-0853AF2020BF}.Debug|Any CPU.ActiveCfg = Debug|Any CPU
		{032D7583-D250-4BF5-B565-0853AF2020BF}.Debug|Any CPU.Build.0 = Debug|Any CPU
		{032D7583-D250-4BF5-B565-0853AF2020BF}.Debug|ARM.ActiveCfg = Debug|Any CPU
		{032D7583-D250-4BF5-B565-0853AF2020BF}.Debug|ARM.Build.0 = Debug|Any CPU
		{032D7583-D250-4BF5-B565-0853AF2020BF}.Debug|ARM64.ActiveCfg = Debug|Any CPU
		{032D7583-D250-4BF5-B565-0853AF2020BF}.Debug|ARM64.Build.0 = Debug|Any CPU
		{032D7583-D250-4BF5-B565-0853AF2020BF}.Debug|x64.ActiveCfg = Debug|Any CPU
		{032D7583-D250-4BF5-B565-0853AF2020BF}.Debug|x64.Build.0 = Debug|Any CPU
		{032D7583-D250-4BF5-B565-0853AF2020BF}.Debug|x86.ActiveCfg = Debug|Any CPU
		{032D7583-D250-4BF5-B565-0853AF2020BF}.Debug|x86.Build.0 = Debug|Any CPU
		{032D7583-D250-4BF5-B565-0853AF2020BF}.Release|Any CPU.ActiveCfg = Release|Any CPU
		{032D7583-D250-4BF5-B565-0853AF2020BF}.Release|Any CPU.Build.0 = Release|Any CPU
		{032D7583-D250-4BF5-B565-0853AF2020BF}.Release|ARM.ActiveCfg = Release|Any CPU
		{032D7583-D250-4BF5-B565-0853AF2020BF}.Release|ARM.Build.0 = Release|Any CPU
		{032D7583-D250-4BF5-B565-0853AF2020BF}.Release|ARM64.ActiveCfg = Release|Any CPU
		{032D7583-D250-4BF5-B565-0853AF2020BF}.Release|ARM64.Build.0 = Release|Any CPU
		{032D7583-D250-4BF5-B565-0853AF2020BF}.Release|x64.ActiveCfg = Release|Any CPU
		{032D7583-D250-4BF5-B565-0853AF2020BF}.Release|x64.Build.0 = Release|Any CPU
		{032D7583-D250-4BF5-B565-0853AF2020BF}.Release|x86.ActiveCfg = Release|Any CPU
		{032D7583-D250-4BF5-B565-0853AF2020BF}.Release|x86.Build.0 = Release|Any CPU
		{0725C7C8-077B-461C-BE11-2E0D1FC9DC6D}.Debug|Any CPU.ActiveCfg = Debug|Any CPU
		{0725C7C8-077B-461C-BE11-2E0D1FC9DC6D}.Debug|Any CPU.Build.0 = Debug|Any CPU
		{0725C7C8-077B-461C-BE11-2E0D1FC9DC6D}.Debug|ARM.ActiveCfg = Debug|Any CPU
		{0725C7C8-077B-461C-BE11-2E0D1FC9DC6D}.Debug|ARM.Build.0 = Debug|Any CPU
		{0725C7C8-077B-461C-BE11-2E0D1FC9DC6D}.Debug|ARM64.ActiveCfg = Debug|Any CPU
		{0725C7C8-077B-461C-BE11-2E0D1FC9DC6D}.Debug|ARM64.Build.0 = Debug|Any CPU
		{0725C7C8-077B-461C-BE11-2E0D1FC9DC6D}.Debug|x64.ActiveCfg = Debug|Any CPU
		{0725C7C8-077B-461C-BE11-2E0D1FC9DC6D}.Debug|x64.Build.0 = Debug|Any CPU
		{0725C7C8-077B-461C-BE11-2E0D1FC9DC6D}.Debug|x86.ActiveCfg = Debug|Any CPU
		{0725C7C8-077B-461C-BE11-2E0D1FC9DC6D}.Debug|x86.Build.0 = Debug|Any CPU
		{0725C7C8-077B-461C-BE11-2E0D1FC9DC6D}.Release|Any CPU.ActiveCfg = Release|Any CPU
		{0725C7C8-077B-461C-BE11-2E0D1FC9DC6D}.Release|Any CPU.Build.0 = Release|Any CPU
		{0725C7C8-077B-461C-BE11-2E0D1FC9DC6D}.Release|ARM.ActiveCfg = Release|Any CPU
		{0725C7C8-077B-461C-BE11-2E0D1FC9DC6D}.Release|ARM.Build.0 = Release|Any CPU
		{0725C7C8-077B-461C-BE11-2E0D1FC9DC6D}.Release|ARM64.ActiveCfg = Release|Any CPU
		{0725C7C8-077B-461C-BE11-2E0D1FC9DC6D}.Release|ARM64.Build.0 = Release|Any CPU
		{0725C7C8-077B-461C-BE11-2E0D1FC9DC6D}.Release|x64.ActiveCfg = Release|Any CPU
		{0725C7C8-077B-461C-BE11-2E0D1FC9DC6D}.Release|x64.Build.0 = Release|Any CPU
		{0725C7C8-077B-461C-BE11-2E0D1FC9DC6D}.Release|x86.ActiveCfg = Release|Any CPU
		{0725C7C8-077B-461C-BE11-2E0D1FC9DC6D}.Release|x86.Build.0 = Release|Any CPU
		{50A010AA-ACB3-4E64-8A76-BB7A7D816685}.Debug|Any CPU.ActiveCfg = Debug|Any CPU
		{50A010AA-ACB3-4E64-8A76-BB7A7D816685}.Debug|Any CPU.Build.0 = Debug|Any CPU
		{50A010AA-ACB3-4E64-8A76-BB7A7D816685}.Debug|ARM.ActiveCfg = Debug|Any CPU
		{50A010AA-ACB3-4E64-8A76-BB7A7D816685}.Debug|ARM.Build.0 = Debug|Any CPU
		{50A010AA-ACB3-4E64-8A76-BB7A7D816685}.Debug|ARM64.ActiveCfg = Debug|Any CPU
		{50A010AA-ACB3-4E64-8A76-BB7A7D816685}.Debug|ARM64.Build.0 = Debug|Any CPU
		{50A010AA-ACB3-4E64-8A76-BB7A7D816685}.Debug|x64.ActiveCfg = Debug|Any CPU
		{50A010AA-ACB3-4E64-8A76-BB7A7D816685}.Debug|x64.Build.0 = Debug|Any CPU
		{50A010AA-ACB3-4E64-8A76-BB7A7D816685}.Debug|x86.ActiveCfg = Debug|Any CPU
		{50A010AA-ACB3-4E64-8A76-BB7A7D816685}.Debug|x86.Build.0 = Debug|Any CPU
		{50A010AA-ACB3-4E64-8A76-BB7A7D816685}.Release|Any CPU.ActiveCfg = Release|Any CPU
		{50A010AA-ACB3-4E64-8A76-BB7A7D816685}.Release|Any CPU.Build.0 = Release|Any CPU
		{50A010AA-ACB3-4E64-8A76-BB7A7D816685}.Release|ARM.ActiveCfg = Release|Any CPU
		{50A010AA-ACB3-4E64-8A76-BB7A7D816685}.Release|ARM.Build.0 = Release|Any CPU
		{50A010AA-ACB3-4E64-8A76-BB7A7D816685}.Release|ARM64.ActiveCfg = Release|Any CPU
		{50A010AA-ACB3-4E64-8A76-BB7A7D816685}.Release|ARM64.Build.0 = Release|Any CPU
		{50A010AA-ACB3-4E64-8A76-BB7A7D816685}.Release|x64.ActiveCfg = Release|Any CPU
		{50A010AA-ACB3-4E64-8A76-BB7A7D816685}.Release|x64.Build.0 = Release|Any CPU
		{50A010AA-ACB3-4E64-8A76-BB7A7D816685}.Release|x86.ActiveCfg = Release|Any CPU
		{50A010AA-ACB3-4E64-8A76-BB7A7D816685}.Release|x86.Build.0 = Release|Any CPU
		{8E774757-5E75-49A5-AE6E-D60E4EF166A2}.Debug|Any CPU.ActiveCfg = Debug|x86
		{8E774757-5E75-49A5-AE6E-D60E4EF166A2}.Debug|Any CPU.Build.0 = Debug|x86
		{8E774757-5E75-49A5-AE6E-D60E4EF166A2}.Debug|Any CPU.Deploy.0 = Debug|x86
		{8E774757-5E75-49A5-AE6E-D60E4EF166A2}.Debug|ARM.ActiveCfg = Debug|ARM
		{8E774757-5E75-49A5-AE6E-D60E4EF166A2}.Debug|ARM.Build.0 = Debug|ARM
		{8E774757-5E75-49A5-AE6E-D60E4EF166A2}.Debug|ARM.Deploy.0 = Debug|ARM
		{8E774757-5E75-49A5-AE6E-D60E4EF166A2}.Debug|ARM64.ActiveCfg = Debug|ARM64
		{8E774757-5E75-49A5-AE6E-D60E4EF166A2}.Debug|ARM64.Build.0 = Debug|ARM64
		{8E774757-5E75-49A5-AE6E-D60E4EF166A2}.Debug|ARM64.Deploy.0 = Debug|ARM64
		{8E774757-5E75-49A5-AE6E-D60E4EF166A2}.Debug|x64.ActiveCfg = Debug|x64
		{8E774757-5E75-49A5-AE6E-D60E4EF166A2}.Debug|x64.Build.0 = Debug|x64
		{8E774757-5E75-49A5-AE6E-D60E4EF166A2}.Debug|x64.Deploy.0 = Debug|x64
		{8E774757-5E75-49A5-AE6E-D60E4EF166A2}.Debug|x86.ActiveCfg = Debug|x86
		{8E774757-5E75-49A5-AE6E-D60E4EF166A2}.Debug|x86.Build.0 = Debug|x86
		{8E774757-5E75-49A5-AE6E-D60E4EF166A2}.Debug|x86.Deploy.0 = Debug|x86
		{8E774757-5E75-49A5-AE6E-D60E4EF166A2}.Release|Any CPU.ActiveCfg = Release|x86
		{8E774757-5E75-49A5-AE6E-D60E4EF166A2}.Release|ARM.ActiveCfg = Release|ARM
		{8E774757-5E75-49A5-AE6E-D60E4EF166A2}.Release|ARM.Build.0 = Release|ARM
		{8E774757-5E75-49A5-AE6E-D60E4EF166A2}.Release|ARM.Deploy.0 = Release|ARM
		{8E774757-5E75-49A5-AE6E-D60E4EF166A2}.Release|ARM64.ActiveCfg = Release|ARM64
		{8E774757-5E75-49A5-AE6E-D60E4EF166A2}.Release|ARM64.Build.0 = Release|ARM64
		{8E774757-5E75-49A5-AE6E-D60E4EF166A2}.Release|ARM64.Deploy.0 = Release|ARM64
		{8E774757-5E75-49A5-AE6E-D60E4EF166A2}.Release|x64.ActiveCfg = Release|x64
		{8E774757-5E75-49A5-AE6E-D60E4EF166A2}.Release|x64.Build.0 = Release|x64
		{8E774757-5E75-49A5-AE6E-D60E4EF166A2}.Release|x64.Deploy.0 = Release|x64
		{8E774757-5E75-49A5-AE6E-D60E4EF166A2}.Release|x86.ActiveCfg = Release|x86
		{8E774757-5E75-49A5-AE6E-D60E4EF166A2}.Release|x86.Build.0 = Release|x86
		{8E774757-5E75-49A5-AE6E-D60E4EF166A2}.Release|x86.Deploy.0 = Release|x86
	EndGlobalSection
	GlobalSection(SolutionProperties) = preSolution
		HideSolutionNode = FALSE
	EndGlobalSection
	GlobalSection(ExtensibilityGlobals) = postSolution
		SolutionGuid = {D24183BB-342E-4E3F-8B93-C9CA61609D19}
	EndGlobalSection
EndGlobal
